// !$*UTF8*$!
{
	archiveVersion = 1;
	classes = {
	};
	objectVersion = 50;
	objects = {

/* Begin PBXBuildFile section */
		69CE2A7D26D9ED3C00A96256 /* AppDelegate.swift in Sources */ = {isa = PBXBuildFile; fileRef = 69CE2A7C26D9ED3C00A96256 /* AppDelegate.swift */; };
		69CE2A7F26D9ED3C00A96256 /* SceneDelegate.swift in Sources */ = {isa = PBXBuildFile; fileRef = 69CE2A7E26D9ED3C00A96256 /* SceneDelegate.swift */; };
		69CE2A8126D9ED3C00A96256 /* ViewController.swift in Sources */ = {isa = PBXBuildFile; fileRef = 69CE2A8026D9ED3C00A96256 /* ViewController.swift */; };
		69CE2A8426D9ED3C00A96256 /* Main.storyboard in Resources */ = {isa = PBXBuildFile; fileRef = 69CE2A8226D9ED3C00A96256 /* Main.storyboard */; };
		69CE2A8626D9ED3E00A96256 /* Assets.xcassets in Resources */ = {isa = PBXBuildFile; fileRef = 69CE2A8526D9ED3E00A96256 /* Assets.xcassets */; };
		69CE2A8926D9ED3E00A96256 /* LaunchScreen.storyboard in Resources */ = {isa = PBXBuildFile; fileRef = 69CE2A8726D9ED3E00A96256 /* LaunchScreen.storyboard */; };
		69CE2AAC26DF26DC00A96256 /* SecondViewController.swift in Sources */ = {isa = PBXBuildFile; fileRef = 69CE2AAB26DF26DC00A96256 /* SecondViewController.swift */; };
/* End PBXBuildFile section */

/* Begin PBXFileReference section */
		69CE2A7926D9ED3C00A96256 /* IMC.app */ = {isa = PBXFileReference; explicitFileType = wrapper.application; includeInIndex = 0; path = IMC.app; sourceTree = BUILT_PRODUCTS_DIR; };
		69CE2A7C26D9ED3C00A96256 /* AppDelegate.swift */ = {isa = PBXFileReference; lastKnownFileType = sourcecode.swift; path = AppDelegate.swift; sourceTree = "<group>"; };
		69CE2A7E26D9ED3C00A96256 /* SceneDelegate.swift */ = {isa = PBXFileReference; lastKnownFileType = sourcecode.swift; path = SceneDelegate.swift; sourceTree = "<group>"; };
		69CE2A8026D9ED3C00A96256 /* ViewController.swift */ = {isa = PBXFileReference; lastKnownFileType = sourcecode.swift; path = ViewController.swift; sourceTree = "<group>"; };
		69CE2A8326D9ED3C00A96256 /* Base */ = {isa = PBXFileReference; lastKnownFileType = file.storyboard; name = Base; path = Base.lproj/Main.storyboard; sourceTree = "<group>"; };
		69CE2A8526D9ED3E00A96256 /* Assets.xcassets */ = {isa = PBXFileReference; lastKnownFileType = folder.assetcatalog; path = Assets.xcassets; sourceTree = "<group>"; };
		69CE2A8826D9ED3E00A96256 /* Base */ = {isa = PBXFileReference; lastKnownFileType = file.storyboard; name = Base; path = Base.lproj/LaunchScreen.storyboard; sourceTree = "<group>"; };
		69CE2A8A26D9ED3E00A96256 /* Info.plist */ = {isa = PBXFileReference; lastKnownFileType = text.plist.xml; path = Info.plist; sourceTree = "<group>"; };
		69CE2AAB26DF26DC00A96256 /* SecondViewController.swift */ = {isa = PBXFileReference; lastKnownFileType = sourcecode.swift; path = SecondViewController.swift; sourceTree = "<group>"; };
/* End PBXFileReference section */

/* Begin PBXFrameworksBuildPhase section */
		69CE2A7626D9ED3C00A96256 /* Frameworks */ = {
			isa = PBXFrameworksBuildPhase;
			buildActionMask = 2147483647;
			files = (
			);
			runOnlyForDeploymentPostprocessing = 0;
		};
/* End PBXFrameworksBuildPhase section */

/* Begin PBXGroup section */
		69CE2A7026D9ED3C00A96256 = {
			isa = PBXGroup;
			children = (
				69CE2A7B26D9ED3C00A96256 /* IMC */,
				69CE2A7A26D9ED3C00A96256 /* Products */,
			);
			sourceTree = "<group>";
		};
		69CE2A7A26D9ED3C00A96256 /* Products */ = {
			isa = PBXGroup;
			children = (
				69CE2A7926D9ED3C00A96256 /* IMC.app */,
			);
			name = Products;
			sourceTree = "<group>";
		};
		69CE2A7B26D9ED3C00A96256 /* IMC */ = {
			isa = PBXGroup;
			children = (
				69CE2A9026D9EE9600A96256 /* Controller */,
				69CE2A9226D9EF1D00A96256 /* Model */,
				69CE2A9126D9EEA400A96256 /* View */,
				69CE2A7C26D9ED3C00A96256 /* AppDelegate.swift */,
				69CE2A7E26D9ED3C00A96256 /* SceneDelegate.swift */,
				69CE2A8526D9ED3E00A96256 /* Assets.xcassets */,
				69CE2A8726D9ED3E00A96256 /* LaunchScreen.storyboard */,
				69CE2A8A26D9ED3E00A96256 /* Info.plist */,
			);
			path = IMC;
			sourceTree = "<group>";
		};
		69CE2A9026D9EE9600A96256 /* Controller */ = {
			isa = PBXGroup;
			children = (
				69CE2A8026D9ED3C00A96256 /* ViewController.swift */,
				69CE2AAB26DF26DC00A96256 /* SecondViewController.swift */,
			);
			path = Controller;
			sourceTree = "<group>";
		};
		69CE2A9126D9EEA400A96256 /* View */ = {
			isa = PBXGroup;
			children = (
				69CE2A8226D9ED3C00A96256 /* Main.storyboard */,
			);
			path = View;
			sourceTree = "<group>";
		};
		69CE2A9226D9EF1D00A96256 /* Model */ = {
			isa = PBXGroup;
			children = (
			);
			path = Model;
			sourceTree = "<group>";
		};
/* End PBXGroup section */

/* Begin PBXNativeTarget section */
		69CE2A7826D9ED3C00A96256 /* IMC */ = {
			isa = PBXNativeTarget;
			buildConfigurationList = 69CE2A8D26D9ED3E00A96256 /* Build configuration list for PBXNativeTarget "IMC" */;
			buildPhases = (
				69CE2A7526D9ED3C00A96256 /* Sources */,
				69CE2A7626D9ED3C00A96256 /* Frameworks */,
				69CE2A7726D9ED3C00A96256 /* Resources */,
			);
			buildRules = (
			);
			dependencies = (
			);
			name = IMC;
			productName = IMC;
			productReference = 69CE2A7926D9ED3C00A96256 /* IMC.app */;
			productType = "com.apple.product-type.application";
		};
/* End PBXNativeTarget section */

/* Begin PBXProject section */
		69CE2A7126D9ED3C00A96256 /* Project object */ = {
			isa = PBXProject;
			attributes = {
				LastSwiftUpdateCheck = 1250;
				LastUpgradeCheck = 1250;
				TargetAttributes = {
					69CE2A7826D9ED3C00A96256 = {
						CreatedOnToolsVersion = 12.5.1;
					};
				};
			};
			buildConfigurationList = 69CE2A7426D9ED3C00A96256 /* Build configuration list for PBXProject "IMC" */;
			compatibilityVersion = "Xcode 9.3";
			developmentRegion = en;
			hasScannedForEncodings = 0;
			knownRegions = (
				en,
				Base,
			);
			mainGroup = 69CE2A7026D9ED3C00A96256;
			productRefGroup = 69CE2A7A26D9ED3C00A96256 /* Products */;
			projectDirPath = "";
			projectRoot = "";
			targets = (
				69CE2A7826D9ED3C00A96256 /* IMC */,
			);
		};
/* End PBXProject section */

/* Begin PBXResourcesBuildPhase section */
		69CE2A7726D9ED3C00A96256 /* Resources */ = {
			isa = PBXResourcesBuildPhase;
			buildActionMask = 2147483647;
			files = (
				69CE2A8926D9ED3E00A96256 /* LaunchScreen.storyboard in Resources */,
				69CE2A8626D9ED3E00A96256 /* Assets.xcassets in Resources */,
				69CE2A8426D9ED3C00A96256 /* Main.storyboard in Resources */,
			);
			runOnlyForDeploymentPostprocessing = 0;
		};
/* End PBXResourcesBuildPhase section */

/* Begin PBXSourcesBuildPhase section */
		69CE2A7526D9ED3C00A96256 /* Sources */ = {
			isa = PBXSourcesBuildPhase;
			buildActionMask = 2147483647;
			files = (
				69CE2AAC26DF26DC00A96256 /* SecondViewController.swift in Sources */,
				69CE2A8126D9ED3C00A96256 /* ViewController.swift in Sources */,
				69CE2A7D26D9ED3C00A96256 /* AppDelegate.swift in Sources */,
				69CE2A7F26D9ED3C00A96256 /* SceneDelegate.swift in Sources */,
			);
			runOnlyForDeploymentPostprocessing = 0;
		};
/* End PBXSourcesBuildPhase section */

/* Begin PBXVariantGroup section */
		69CE2A8226D9ED3C00A96256 /* Main.storyboard */ = {
			isa = PBXVariantGroup;
			children = (
				69CE2A8326D9ED3C00A96256 /* Base */,
			);
			name = Main.storyboard;
			sourceTree = "<group>";
		};
		69CE2A8726D9ED3E00A96256 /* LaunchScreen.storyboard */ = {
			isa = PBXVariantGroup;
			children = (
				69CE2A8826D9ED3E00A96256 /* Base */,
			);
			name = LaunchScreen.storyboard;
			sourceTree = "<group>";
		};
/* End PBXVariantGroup section */

/* Begin XCBuildConfiguration section */
		69CE2A8B26D9ED3E00A96256 /* Debug */ = {
			isa = XCBuildConfiguration;
			buildSettings = {
				ALWAYS_SEARCH_USER_PATHS = NO;
				CLANG_ANALYZER_NONNULL = YES;
				CLANG_ANALYZER_NUMBER_OBJECT_CONVERSION = YES_AGGRESSIVE;
				CLANG_CXX_LANGUAGE_STANDARD = "gnu++14";
				CLANG_CXX_LIBRARY = "libc++";
				CLANG_ENABLE_MODULES = YES;
				CLANG_ENABLE_OBJC_ARC = YES;
				CLANG_ENABLE_OBJC_WEAK = YES;
				CLANG_WARN_BLOCK_CAPTURE_AUTORELEASING = YES;
				CLANG_WARN_BOOL_CONVERSION = YES;
				CLANG_WARN_COMMA = YES;
				CLANG_WARN_CONSTANT_CONVERSION = YES;
				CLANG_WARN_DEPRECATED_OBJC_IMPLEMENTATIONS = YES;
				CLANG_WARN_DIRECT_OBJC_ISA_USAGE = YES_ERROR;
				CLANG_WARN_DOCUMENTATION_COMMENTS = YES;
				CLANG_WARN_EMPTY_BODY = YES;
				CLANG_WARN_ENUM_CONVERSION = YES;
				CLANG_WARN_INFINITE_RECURSION = YES;
				CLANG_WARN_INT_CONVERSION = YES;
				CLANG_WARN_NON_LITERAL_NULL_CONVERSION = YES;
				CLANG_WARN_OBJC_IMPLICIT_RETAIN_SELF = YES;
				CLANG_WARN_OBJC_LITERAL_CONVERSION = YES;
				CLANG_WARN_OBJC_ROOT_CLASS = YES_ERROR;
				CLANG_WARN_QUOTED_INCLUDE_IN_FRAMEWORK_HEADER = YES;
				CLANG_WARN_RANGE_LOOP_ANALYSIS = YES;
				CLANG_WARN_STRICT_PROTOTYPES = YES;
				CLANG_WARN_SUSPICIOUS_MOVE = YES;
				CLANG_WARN_UNGUARDED_AVAILABILITY = YES_AGGRESSIVE;
				CLANG_WARN_UNREACHABLE_CODE = YES;
				CLANG_WARN__DUPLICATE_METHOD_MATCH = YES;
				COPY_PHASE_STRIP = NO;
				DEBUG_INFORMATION_FORMAT = dwarf;
				ENABLE_STRICT_OBJC_MSGSEND = YES;
				ENABLE_TESTABILITY = YES;
				GCC_C_LANGUAGE_STANDARD = gnu11;
				GCC_DYNAMIC_NO_PIC = NO;
				GCC_NO_COMMON_BLOCKS = YES;
				GCC_OPTIMIZATION_LEVEL = 0;
				GCC_PREPROCESSOR_DEFINITIONS = (
					"DEBUG=1",
					"$(inherited)",
				);
				GCC_WARN_64_TO_32_BIT_CONVERSION = YES;
				GCC_WARN_ABOUT_RETURN_TYPE = YES_ERROR;
				GCC_WARN_UNDECLARED_SELECTOR = YES;
				GCC_WARN_UNINITIALIZED_AUTOS = YES_AGGRESSIVE;
				GCC_WARN_UNUSED_FUNCTION = YES;
				GCC_WARN_UNUSED_VARIABLE = YES;
				IPHONEOS_DEPLOYMENT_TARGET = 14.5;
				MTL_ENABLE_DEBUG_INFO = INCLUDE_SOURCE;
				MTL_FAST_MATH = YES;
				ONLY_ACTIVE_ARCH = YES;
				SDKROOT = iphoneos;
				SWIFT_ACTIVE_COMPILATION_CONDITIONS = DEBUG;
				SWIFT_OPTIMIZATION_LEVEL = "-Onone";
			};
			name = Debug;
		};
		69CE2A8C26D9ED3E00A96256 /* Release */ = {
			isa = XCBuildConfiguration;
			buildSettings = {
				ALWAYS_SEARCH_USER_PATHS = NO;
				CLANG_ANALYZER_NONNULL = YES;
				CLANG_ANALYZER_NUMBER_OBJECT_CONVERSION = YES_AGGRESSIVE;
				CLANG_CXX_LANGUAGE_STANDARD = "gnu++14";
				CLANG_CXX_LIBRARY = "libc++";
				CLANG_ENABLE_MODULES = YES;
				CLANG_ENABLE_OBJC_ARC = YES;
				CLANG_ENABLE_OBJC_WEAK = YES;
				CLANG_WARN_BLOCK_CAPTURE_AUTORELEASING = YES;
				CLANG_WARN_BOOL_CONVERSION = YES;
				CLANG_WARN_COMMA = YES;
				CLANG_WARN_CONSTANT_CONVERSION = YES;
				CLANG_WARN_DEPRECATED_OBJC_IMPLEMENTATIONS = YES;
				CLANG_WARN_DIRECT_OBJC_ISA_USAGE = YES_ERROR;
				CLANG_WARN_DOCUMENTATION_COMMENTS = YES;
				CLANG_WARN_EMPTY_BODY = YES;
				CLANG_WARN_ENUM_CONVERSION = YES;
				CLANG_WARN_INFINITE_RECURSION = YES;
				CLANG_WARN_INT_CONVERSION = YES;
				CLANG_WARN_NON_LITERAL_NULL_CONVERSION = YES;
				CLANG_WARN_OBJC_IMPLICIT_RETAIN_SELF = YES;
				CLANG_WARN_OBJC_LITERAL_CONVERSION = YES;
				CLANG_WARN_OBJC_ROOT_CLASS = YES_ERROR;
				CLANG_WARN_QUOTED_INCLUDE_IN_FRAMEWORK_HEADER = YES;
				CLANG_WARN_RANGE_LOOP_ANALYSIS = YES;
				CLANG_WARN_STRICT_PROTOTYPES = YES;
				CLANG_WARN_SUSPICIOUS_MOVE = YES;
				CLANG_WARN_UNGUARDED_AVAILABILITY = YES_AGGRESSIVE;
				CLANG_WARN_UNREACHABLE_CODE = YES;
				CLANG_WARN__DUPLICATE_METHOD_MATCH = YES;
				COPY_PHASE_STRIP = NO;
				DEBUG_INFORMATION_FORMAT = "dwarf-with-dsym";
				ENABLE_NS_ASSERTIONS = NO;
				ENABLE_STRICT_OBJC_MSGSEND = YES;
				GCC_C_LANGUAGE_STANDARD = gnu11;
				GCC_NO_COMMON_BLOCKS = YES;
				GCC_WARN_64_TO_32_BIT_CONVERSION = YES;
				GCC_WARN_ABOUT_RETURN_TYPE = YES_ERROR;
				GCC_WARN_UNDECLARED_SELECTOR = YES;
				GCC_WARN_UNINITIALIZED_AUTOS = YES_AGGRESSIVE;
				GCC_WARN_UNUSED_FUNCTION = YES;
				GCC_WARN_UNUSED_VARIABLE = YES;
				IPHONEOS_DEPLOYMENT_TARGET = 14.5;
				MTL_ENABLE_DEBUG_INFO = NO;
				MTL_FAST_MATH = YES;
				SDKROOT = iphoneos;
				SWIFT_COMPILATION_MODE = wholemodule;
				SWIFT_OPTIMIZATION_LEVEL = "-O";
				VALIDATE_PRODUCT = YES;
			};
			name = Release;
		};
		69CE2A8E26D9ED3E00A96256 /* Debug */ = {
			isa = XCBuildConfiguration;
			buildSettings = {
				ASSETCATALOG_COMPILER_APPICON_NAME = AppIcon;
				ASSETCATALOG_COMPILER_GLOBAL_ACCENT_COLOR_NAME = AccentColor;
				CODE_SIGN_STYLE = Automatic;
				DEVELOPMENT_TEAM = 8U2APZ3TRC;
				INFOPLIST_FILE = IMC/Info.plist;
				LD_RUNPATH_SEARCH_PATHS = (
					"$(inherited)",
					"@executable_path/Frameworks",
				);
				PRODUCT_BUNDLE_IDENTIFIER = com.marlonrfjunior.IMC;
				PRODUCT_NAME = "$(TARGET_NAME)";
				SWIFT_VERSION = 5.0;
				TARGETED_DEVICE_FAMILY = "1,2";
			};
			name = Debug;
		};
		69CE2A8F26D9ED3E00A96256 /* Release */ = {
			isa = XCBuildConfiguration;
			buildSettings = {
				ASSETCATALOG_COMPILER_APPICON_NAME = AppIcon;
				ASSETCATALOG_COMPILER_GLOBAL_ACCENT_COLOR_NAME = AccentColor;
				CODE_SIGN_STYLE = Automatic;
				DEVELOPMENT_TEAM = 8U2APZ3TRC;
				INFOPLIST_FILE = IMC/Info.plist;
				LD_RUNPATH_SEARCH_PATHS = (
					"$(inherited)",
					"@executable_path/Frameworks",
				);
				PRODUCT_BUNDLE_IDENTIFIER = com.marlonrfjunior.IMC;
				PRODUCT_NAME = "$(TARGET_NAME)";
				SWIFT_VERSION = 5.0;
				TARGETED_DEVICE_FAMILY = "1,2";
			};
			name = Release;
		};
/* End XCBuildConfiguration section */

/* Begin XCConfigurationList section */
		69CE2A7426D9ED3C00A96256 /* Build configuration list for PBXProject "IMC" */ = {
			isa = XCConfigurationList;
			buildConfigurations = (
				69CE2A8B26D9ED3E00A96256 /* Debug */,
				69CE2A8C26D9ED3E00A96256 /* Release */,
			);
			defaultConfigurationIsVisible = 0;
			defaultConfigurationName = Release;
		};
		69CE2A8D26D9ED3E00A96256 /* Build configuration list for PBXNativeTarget "IMC" */ = {
			isa = XCConfigurationList;
			buildConfigurations = (
				69CE2A8E26D9ED3E00A96256 /* Debug */,
				69CE2A8F26D9ED3E00A96256 /* Release */,
			);
			defaultConfigurationIsVisible = 0;
			defaultConfigurationName = Release;
		};
/* End XCConfigurationList section */
	};
	rootObject = 69CE2A7126D9ED3C00A96256 /* Project object */;
}
